{
  "version": "5",
  "specifiers": {
    "npm:rolldown-vite@7.1.14": "7.1.14_picomatch@4.0.3",
    "npm:typescript@~5.9.3": "5.9.3"
  },
  "npm": {
    "@emnapi/core@1.7.0": {
      "integrity": "sha512-pJdKGq/1iquWYtv1RRSljZklxHCOCAJFJrImO5ZLKPJVJlVUcs8yFwNQlqS0Lo8xT1VAXXTCZocF9n26FWEKsw==",
      "dependencies": [
        "@emnapi/wasi-threads",
        "tslib"
      ]
    },
    "@emnapi/runtime@1.7.0": {
      "integrity": "sha512-oAYoQnCYaQZKVS53Fq23ceWMRxq5EhQsE0x0RdQ55jT7wagMu5k+fS39v1fiSLrtrLQlXwVINenqhLMtTrV/1Q==",
      "dependencies": [
        "tslib"
      ]
    },
    "@emnapi/wasi-threads@1.1.0": {
      "integrity": "sha512-WI0DdZ8xFSbgMjR1sFsKABJ/C5OnRrjT06JXbZKexJGrDuPTzZdDYfFlsgcCXCyf+suG5QU2e/y1Wo2V/OapLQ==",
      "dependencies": [
        "tslib"
      ]
    },
    "@napi-rs/wasm-runtime@1.0.7": {
      "integrity": "sha512-SeDnOO0Tk7Okiq6DbXmmBODgOAb9dp9gjlphokTUxmt8U3liIP1ZsozBahH69j/RJv+Rfs6IwUKHTgQYJ/HBAw==",
      "dependencies": [
        "@emnapi/core",
        "@emnapi/runtime",
        "@tybys/wasm-util"
      ]
    },
    "@oxc-project/runtime@0.92.0": {
      "integrity": "sha512-Z7x2dZOmznihvdvCvLKMl+nswtOSVxS2H2ocar+U9xx6iMfTp0VGIrX6a4xB1v80IwOPC7dT1LXIJrY70Xu3Jw=="
    },
    "@oxc-project/types@0.93.0": {
      "integrity": "sha512-yNtwmWZIBtJsMr5TEfoZFDxIWV6OdScOpza/f5YxbqUMJk+j6QX3Cf3jgZShGEFYWQJ5j9mJ6jM0tZHu2J9Yrg=="
    },
    "@rolldown/binding-android-arm64@1.0.0-beta.41": {
      "integrity": "sha512-Edflndd9lU7JVhVIvJlZhdCj5DkhYDJPIRn4Dx0RUdfc8asP9xHOI5gMd8MesDDx+BJpdIT/uAmVTearteU/mQ==",
      "os": ["android"],
      "cpu": ["arm64"]
    },
    "@rolldown/binding-darwin-arm64@1.0.0-beta.41": {
      "integrity": "sha512-XGCzqfjdk7550PlyZRTBKbypXrB7ATtXhw/+bjtxnklLQs0mKP/XkQVOKyn9qGKSlvH8I56JLYryVxl0PCvSNw==",
      "os": ["darwin"],
      "cpu": ["arm64"]
    },
    "@rolldown/binding-darwin-x64@1.0.0-beta.41": {
      "integrity": "sha512-Ho6lIwGJed98zub7n0xcRKuEtnZgbxevAmO4x3zn3C3N4GVXZD5xvCvTVxSMoeBJwTcIYzkVDRTIhylQNsTgLQ==",
      "os": ["darwin"],
      "cpu": ["x64"]
    },
    "@rolldown/binding-freebsd-x64@1.0.0-beta.41": {
      "integrity": "sha512-ijAZETywvL+gACjbT4zBnCp5ez1JhTRs6OxRN4J+D6AzDRbU2zb01Esl51RP5/8ZOlvB37xxsRQ3X4YRVyYb3g==",
      "os": ["freebsd"],
      "cpu": ["x64"]
    },
    "@rolldown/binding-linux-arm-gnueabihf@1.0.0-beta.41": {
      "integrity": "sha512-EgIOZt7UildXKFEFvaiLNBXm+4ggQyGe3E5Z1QP9uRcJJs9omihOnm897FwOBQdCuMvI49iBgjFrkhH+wMJ2MA==",
      "os": ["linux"],
      "cpu": ["arm"]
    },
    "@rolldown/binding-linux-arm64-gnu@1.0.0-beta.41": {
      "integrity": "sha512-F8bUwJq8v/JAU8HSwgF4dztoqJ+FjdyjuvX4//3+Fbe2we9UktFeZ27U4lRMXF1vxWtdV4ey6oCSqI7yUrSEeg==",
      "os": ["linux"],
      "cpu": ["arm64"]
    },
    "@rolldown/binding-linux-arm64-musl@1.0.0-beta.41": {
      "integrity": "sha512-MioXcCIX/wB1pBnBoJx8q4OGucUAfC1+/X1ilKFsjDK05VwbLZGRgOVD5OJJpUQPK86DhQciNBrfOKDiatxNmg==",
      "os": ["linux"],
      "cpu": ["arm64"]
    },
    "@rolldown/binding-linux-x64-gnu@1.0.0-beta.41": {
      "integrity": "sha512-m66M61fizvRCwt5pOEiZQMiwBL9/y0bwU/+Kc4Ce/Pef6YfoEkR28y+DzN9rMdjo8Z28NXjsDPq9nH4mXnAP0g==",
      "os": ["linux"],
      "cpu": ["x64"]
    },
    "@rolldown/binding-linux-x64-musl@1.0.0-beta.41": {
      "integrity": "sha512-yRxlSfBvWnnfrdtJfvi9lg8xfG5mPuyoSHm0X01oiE8ArmLRvoJGHUTJydCYz+wbK2esbq5J4B4Tq9WAsOlP1Q==",
      "os": ["linux"],
      "cpu": ["x64"]
    },
    "@rolldown/binding-openharmony-arm64@1.0.0-beta.41": {
      "integrity": "sha512-PHVxYhBpi8UViS3/hcvQQb9RFqCtvFmFU1PvUoTRiUdBtgHA6fONNHU4x796lgzNlVSD3DO/MZNk1s5/ozSMQg==",
      "os": ["openharmony"],
      "cpu": ["arm64"]
    },
    "@rolldown/binding-wasm32-wasi@1.0.0-beta.41": {
      "integrity": "sha512-OAfcO37ME6GGWmj9qTaDT7jY4rM0T2z0/8ujdQIJQ2x2nl+ztO32EIwURfmXOK0U1tzkyuaKYvE34Pug/ucXlQ==",
      "dependencies": [
        "@napi-rs/wasm-runtime"
      ],
      "cpu": ["wasm32"]
    },
    "@rolldown/binding-win32-arm64-msvc@1.0.0-beta.41": {
      "integrity": "sha512-NIYGuCcuXaq5BC4Q3upbiMBvmZsTsEPG9k/8QKQdmrch+ocSy5Jv9tdpdmXJyighKqm182nh/zBt+tSJkYoNlg==",
      "os": ["win32"],
      "cpu": ["arm64"]
    },
    "@rolldown/binding-win32-ia32-msvc@1.0.0-beta.41": {
      "integrity": "sha512-kANdsDbE5FkEOb5NrCGBJBCaZ2Sabp3D7d4PRqMYJqyLljwh9mDyYyYSv5+QNvdAmifj+f3lviNEUUuUZPEFPw==",
      "os": ["win32"],
      "cpu": ["ia32"]
    },
    "@rolldown/binding-win32-x64-msvc@1.0.0-beta.41": {
      "integrity": "sha512-UlpxKmFdik0Y2VjZrgUCgoYArZJiZllXgIipdBRV1hw6uK45UbQabSTW6Kp6enuOu7vouYWftwhuxfpE8J2JAg==",
      "os": ["win32"],
      "cpu": ["x64"]
    },
    "@rolldown/pluginutils@1.0.0-beta.41": {
      "integrity": "sha512-ycMEPrS3StOIeb87BT3/+bu+blEtyvwQ4zmo2IcJQy0Rd1DAAhKksA0iUZ3MYSpJtjlPhg0Eo6mvVS6ggPhRbw=="
    },
    "@tybys/wasm-util@0.10.1": {
      "integrity": "sha512-9tTaPJLSiejZKx+Bmog4uSubteqTvFrVrURwkmHixBo0G4seD0zUxp98E1DzUBJxLQ3NPwXrGKDiVjwx/DpPsg==",
      "dependencies": [
        "tslib"
      ]
    },
    "ansis@4.2.0": {
      "integrity": "sha512-HqZ5rWlFjGiV0tDm3UxxgNRqsOTniqoKZu0pIAfh7TZQMGuZK+hH0drySty0si0QXj1ieop4+SkSfPZBPPkHig=="
    },
    "detect-libc@2.1.2": {
      "integrity": "sha512-Btj2BOOO83o3WyH59e8MgXsxEQVcarkUOpEYrubB0urwnN10yQ364rsiByU11nZlqWYZm05i/of7io4mzihBtQ=="
    },
    "fdir@6.5.0_picomatch@4.0.3": {
      "integrity": "sha512-tIbYtZbucOs0BRGqPJkshJUYdL+SDH7dVM8gjy+ERp3WAUjLEFJE+02kanyHtwjWOnwrKYBiwAmM0p4kLJAnXg==",
      "dependencies": [
        "picomatch"
      ],
      "optionalPeers": [
        "picomatch"
      ]
    },
    "fsevents@2.3.3": {
      "integrity": "sha512-5xoDfX+fL7faATnagmWPpbFtwh/R77WmMMqqHGS65C3vvB0YHrgF+B1YmZ3441tMj5n63k0212XNoJwzlhffQw==",
      "os": ["darwin"],
      "scripts": true
    },
    "lightningcss-android-arm64@1.30.2": {
      "integrity": "sha512-BH9sEdOCahSgmkVhBLeU7Hc9DWeZ1Eb6wNS6Da8igvUwAe0sqROHddIlvU06q3WyXVEOYDZ6ykBZQnjTbmo4+A==",
      "os": ["android"],
      "cpu": ["arm64"]
    },
    "lightningcss-darwin-arm64@1.30.2": {
      "integrity": "sha512-ylTcDJBN3Hp21TdhRT5zBOIi73P6/W0qwvlFEk22fkdXchtNTOU4Qc37SkzV+EKYxLouZ6M4LG9NfZ1qkhhBWA==",
      "os": ["darwin"],
      "cpu": ["arm64"]
    },
    "lightningcss-darwin-x64@1.30.2": {
      "integrity": "sha512-oBZgKchomuDYxr7ilwLcyms6BCyLn0z8J0+ZZmfpjwg9fRVZIR5/GMXd7r9RH94iDhld3UmSjBM6nXWM2TfZTQ==",
      "os": ["darwin"],
      "cpu": ["x64"]
    },
    "lightningcss-freebsd-x64@1.30.2": {
      "integrity": "sha512-c2bH6xTrf4BDpK8MoGG4Bd6zAMZDAXS569UxCAGcA7IKbHNMlhGQ89eRmvpIUGfKWNVdbhSbkQaWhEoMGmGslA==",
      "os": ["freebsd"],
      "cpu": ["x64"]
    },
    "lightningcss-linux-arm-gnueabihf@1.30.2": {
      "integrity": "sha512-eVdpxh4wYcm0PofJIZVuYuLiqBIakQ9uFZmipf6LF/HRj5Bgm0eb3qL/mr1smyXIS1twwOxNWndd8z0E374hiA==",
      "os": ["linux"],
      "cpu": ["arm"]
    },
    "lightningcss-linux-arm64-gnu@1.30.2": {
      "integrity": "sha512-UK65WJAbwIJbiBFXpxrbTNArtfuznvxAJw4Q2ZGlU8kPeDIWEX1dg3rn2veBVUylA2Ezg89ktszWbaQnxD/e3A==",
      "os": ["linux"],
      "cpu": ["arm64"]
    },
    "lightningcss-linux-arm64-musl@1.30.2": {
      "integrity": "sha512-5Vh9dGeblpTxWHpOx8iauV02popZDsCYMPIgiuw97OJ5uaDsL86cnqSFs5LZkG3ghHoX5isLgWzMs+eD1YzrnA==",
      "os": ["linux"],
      "cpu": ["arm64"]
    },
    "lightningcss-linux-x64-gnu@1.30.2": {
      "integrity": "sha512-Cfd46gdmj1vQ+lR6VRTTadNHu6ALuw2pKR9lYq4FnhvgBc4zWY1EtZcAc6EffShbb1MFrIPfLDXD6Xprbnni4w==",
      "os": ["linux"],
      "cpu": ["x64"]
    },
    "lightningcss-linux-x64-musl@1.30.2": {
      "integrity": "sha512-XJaLUUFXb6/QG2lGIW6aIk6jKdtjtcffUT0NKvIqhSBY3hh9Ch+1LCeH80dR9q9LBjG3ewbDjnumefsLsP6aiA==",
      "os": ["linux"],
      "cpu": ["x64"]
    },
    "lightningcss-win32-arm64-msvc@1.30.2": {
      "integrity": "sha512-FZn+vaj7zLv//D/192WFFVA0RgHawIcHqLX9xuWiQt7P0PtdFEVaxgF9rjM/IRYHQXNnk61/H/gb2Ei+kUQ4xQ==",
      "os": ["win32"],
      "cpu": ["arm64"]
    },
    "lightningcss-win32-x64-msvc@1.30.2": {
      "integrity": "sha512-5g1yc73p+iAkid5phb4oVFMB45417DkRevRbt/El/gKXJk4jid+vPFF/AXbxn05Aky8PapwzZrdJShv5C0avjw==",
      "os": ["win32"],
      "cpu": ["x64"]
    },
    "lightningcss@1.30.2": {
      "integrity": "sha512-utfs7Pr5uJyyvDETitgsaqSyjCb2qNRAtuqUeWIAKztsOYdcACf2KtARYXg2pSvhkt+9NfoaNY7fxjl6nuMjIQ==",
      "dependencies": [
        "detect-libc"
      ],
      "optionalDependencies": [
        "lightningcss-android-arm64",
        "lightningcss-darwin-arm64",
        "lightningcss-darwin-x64",
        "lightningcss-freebsd-x64",
        "lightningcss-linux-arm-gnueabihf",
        "lightningcss-linux-arm64-gnu",
        "lightningcss-linux-arm64-musl",
        "lightningcss-linux-x64-gnu",
        "lightningcss-linux-x64-musl",
        "lightningcss-win32-arm64-msvc",
        "lightningcss-win32-x64-msvc"
      ]
    },
    "nanoid@3.3.11": {
      "integrity": "sha512-N8SpfPUnUp1bK+PMYW8qSWdl9U+wwNWI4QKxOYDy9JAro3WMX7p2OeVRF9v+347pnakNevPmiHhNmZ2HbFA76w==",
      "bin": true
    },
    "picocolors@1.1.1": {
      "integrity": "sha512-xceH2snhtb5M9liqDsmEw56le376mTZkEX/jEb/RxNFyegNul7eNslCXP9FDj/Lcu0X8KEyMceP2ntpaHrDEVA=="
    },
    "picomatch@4.0.3": {
      "integrity": "sha512-5gTmgEY/sqK6gFXLIsQNH19lWb4ebPDLA4SdLP7dsWkIXHWlG66oPuVvXSGFPppYZz8ZDZq0dYYrbHfBCVUb1Q=="
    },
    "postcss@8.5.6": {
      "integrity": "sha512-3Ybi1tAuwAP9s0r1UQ2J4n5Y0G05bJkpUIO0/bI9MhwmD70S5aTWbXGBwxHrelT+XM1k6dM0pk+SwNkpTRN7Pg==",
      "dependencies": [
        "nanoid",
        "picocolors",
        "source-map-js"
      ]
    },
    "rolldown-vite@7.1.14_picomatch@4.0.3": {
      "integrity": "sha512-eSiiRJmovt8qDJkGyZuLnbxAOAdie6NCmmd0NkTC0RJI9duiSBTfr8X2mBYJOUFzxQa2USaHmL99J9uMxkjCyw==",
      "dependencies": [
        "@oxc-project/runtime",
        "fdir",
        "lightningcss",
        "picomatch",
        "postcss",
        "rolldown",
        "tinyglobby"
      ],
      "optionalDependencies": [
        "fsevents"
      ],
      "bin": true
    },
    "rolldown@1.0.0-beta.41": {
      "integrity": "sha512-U+NPR0Bkg3wm61dteD2L4nAM1U9dtaqVrpDXwC36IKRHpEO/Ubpid4Nijpa2imPchcVNHfxVFwSSMJdwdGFUbg==",
      "dependencies": [
        "@oxc-project/types",
        "@rolldown/pluginutils",
        "ansis"
      ],
      "optionalDependencies": [
        "@rolldown/binding-android-arm64",
        "@rolldown/binding-darwin-arm64",
        "@rolldown/binding-darwin-x64",
        "@rolldown/binding-freebsd-x64",
        "@rolldown/binding-linux-arm-gnueabihf",
        "@rolldown/binding-linux-arm64-gnu",
        "@rolldown/binding-linux-arm64-musl",
        "@rolldown/binding-linux-x64-gnu",
        "@rolldown/binding-linux-x64-musl",
        "@rolldown/binding-openharmony-arm64",
        "@rolldown/binding-wasm32-wasi",
        "@rolldown/binding-win32-arm64-msvc",
        "@rolldown/binding-win32-ia32-msvc",
        "@rolldown/binding-win32-x64-msvc"
      ],
      "bin": true
    },
    "source-map-js@1.2.1": {
      "integrity": "sha512-UXWMKhLOwVKb728IUtQPXxfYU+usdybtUrK/8uGE8CQMvrhOpwvzDBwj0QhSL7MQc7vIsISBG8VQ8+IDQxpfQA=="
    },
    "tinyglobby@0.2.15_picomatch@4.0.3": {
      "integrity": "sha512-j2Zq4NyQYG5XMST4cbs02Ak8iJUdxRM0XI5QyxXuZOzKOINmWurp3smXu3y5wDcJrptwpSjgXHzIQxR0omXljQ==",
      "dependencies": [
        "fdir",
        "picomatch"
      ]
    },
    "tslib@2.8.1": {
      "integrity": "sha512-oJFu94HQb+KVduSUQL7wnpmqnfmLsOA/nAh6b6EH0wCEoK0/mPeXU6c3wKDV83MkOuHPRHtSXKKU99IBazS/2w=="
    },
    "typescript@5.9.3": {
      "integrity": "sha512-jl1vZzPDinLr9eUt3J/t7V6FgNEw9QjvBPdysz9KfQDD41fQrC2Y4vKQdiaUpFT4bXlb1RHhLpp8wtm6M5TgSw==",
      "bin": true
    }
  },
  "workspace": {
    "packageJson": {
      "dependencies": [
        "npm:rolldown-vite@7.1.14",
        "npm:typescript@~5.9.3"
      ]
    }
  }
}
